
Microsoft Visual Studio Solution File, Format Version 12.00
# Visual Studio Version 17
VisualStudioVersion = 17.7.33711.374
MinimumVisualStudioVersion = 10.0.40219.1
Project("{FAE04EC0-301F-11D3-BF4B-00C04F79EFBC}") = "BulkyWeb", "BulkyWeb\BulkyWeb.csproj", "{1A962F52-68BE-40BD-8F24-DAA2ACBA1131}"
EndProject
Global
	GlobalSection(SolutionConfigurationPlatforms) = preSolution
		Debug|Any CPU = Debug|Any CPU
		Release|Any CPU = Release|Any CPU
	EndGlobalSection
	GlobalSection(ProjectConfigurationPlatforms) = postSolution
		{1A962F52-68BE-40BD-8F24-DAA2ACBA1131}.Debug|Any CPU.ActiveCfg = Debug|Any CPU
		{1A962F52-68BE-40BD-8F24-DAA2ACBA1131}.Debug|Any CPU.Build.0 = Debug|Any CPU
		{1A962F52-68BE-40BD-8F24-DAA2ACBA1131}.Release|Any CPU.ActiveCfg = Release|Any CPU
		{1A962F52-68BE-40BD-8F24-DAA2ACBA1131}.Release|Any CPU.Build.0 = Release|Any CPU
	EndGlobalSection
	GlobalSection(SolutionProperties) = preSolution
		HideSolutionNode = FALSE
	EndGlobalSection
	GlobalSection(ExtensibilityGlobals) = postSolution
		SolutionGuid = {09AA5D6B-0D4B-4DDB-B99B-617FDC238882}
	EndGlobalSection
EndGlobal
